
Microsoft Visual Studio Solution File, Format Version 12.00
# Visual Studio Version 17
VisualStudioVersion = 17.0.31903.59
MinimumVisualStudioVersion = 10.0.40219.1
Project("{FAE04EC0-301F-11D3-BF4B-00C04F79EFBC}") = "JwtAuthApp.API", "JwtAuthApp.API\JwtAuthApp.API.csproj", "{D9D0A50D-30BB-415B-AC5A-F483A9C6B983}"
EndProject
Project("{FAE04EC0-301F-11D3-BF4B-00C04F79EFBC}") = "JwtAuthApp.Application", "JwtAuthApp.Application\JwtAuthApp.Application.csproj", "{9A7A457D-7C6F-4674-8643-E5676A632F7B}"
EndProject
Project("{FAE04EC0-301F-11D3-BF4B-00C04F79EFBC}") = "JwtAuthApp.Domain", "JwtAuthApp.Domain\JwtAuthApp.Domain.csproj", "{2D02CF0F-587A-4566-B2F7-F71318005A34}"
EndProject
Project("{FAE04EC0-301F-11D3-BF4B-00C04F79EFBC}") = "JwtAuthApp.Infrastructure", "JwtAuthApp.Infrastructure\JwtAuthApp.Infrastructure.csproj", "{6CF78BE6-2DC1-4841-AA27-30CA07CC2319}"
EndProject
Global
	GlobalSection(SolutionConfigurationPlatforms) = preSolution
		Debug|Any CPU = Debug|Any CPU
		Debug|x64 = Debug|x64
		Debug|x86 = Debug|x86
		Release|Any CPU = Release|Any CPU
		Release|x64 = Release|x64
		Release|x86 = Release|x86
	EndGlobalSection
	GlobalSection(ProjectConfigurationPlatforms) = postSolution
		{D9D0A50D-30BB-415B-AC5A-F483A9C6B983}.Debug|Any CPU.ActiveCfg = Debug|Any CPU
		{D9D0A50D-30BB-415B-AC5A-F483A9C6B983}.Debug|Any CPU.Build.0 = Debug|Any CPU
		{D9D0A50D-30BB-415B-AC5A-F483A9C6B983}.Debug|x64.ActiveCfg = Debug|Any CPU
		{D9D0A50D-30BB-415B-AC5A-F483A9C6B983}.Debug|x64.Build.0 = Debug|Any CPU
		{D9D0A50D-30BB-415B-AC5A-F483A9C6B983}.Debug|x86.ActiveCfg = Debug|Any CPU
		{D9D0A50D-30BB-415B-AC5A-F483A9C6B983}.Debug|x86.Build.0 = Debug|Any CPU
		{D9D0A50D-30BB-415B-AC5A-F483A9C6B983}.Release|Any CPU.ActiveCfg = Release|Any CPU
		{D9D0A50D-30BB-415B-AC5A-F483A9C6B983}.Release|Any CPU.Build.0 = Release|Any CPU
		{D9D0A50D-30BB-415B-AC5A-F483A9C6B983}.Release|x64.ActiveCfg = Release|Any CPU
		{D9D0A50D-30BB-415B-AC5A-F483A9C6B983}.Release|x64.Build.0 = Release|Any CPU
		{D9D0A50D-30BB-415B-AC5A-F483A9C6B983}.Release|x86.ActiveCfg = Release|Any CPU
		{D9D0A50D-30BB-415B-AC5A-F483A9C6B983}.Release|x86.Build.0 = Release|Any CPU
		{9A7A457D-7C6F-4674-8643-E5676A632F7B}.Debug|Any CPU.ActiveCfg = Debug|Any CPU
		{9A7A457D-7C6F-4674-8643-E5676A632F7B}.Debug|Any CPU.Build.0 = Debug|Any CPU
		{9A7A457D-7C6F-4674-8643-E5676A632F7B}.Debug|x64.ActiveCfg = Debug|Any CPU
		{9A7A457D-7C6F-4674-8643-E5676A632F7B}.Debug|x64.Build.0 = Debug|Any CPU
		{9A7A457D-7C6F-4674-8643-E5676A632F7B}.Debug|x86.ActiveCfg = Debug|Any CPU
		{9A7A457D-7C6F-4674-8643-E5676A632F7B}.Debug|x86.Build.0 = Debug|Any CPU
		{9A7A457D-7C6F-4674-8643-E5676A632F7B}.Release|Any CPU.ActiveCfg = Release|Any CPU
		{9A7A457D-7C6F-4674-8643-E5676A632F7B}.Release|Any CPU.Build.0 = Release|Any CPU
		{9A7A457D-7C6F-4674-8643-E5676A632F7B}.Release|x64.ActiveCfg = Release|Any CPU
		{9A7A457D-7C6F-4674-8643-E5676A632F7B}.Release|x64.Build.0 = Release|Any CPU
		{9A7A457D-7C6F-4674-8643-E5676A632F7B}.Release|x86.ActiveCfg = Release|Any CPU
		{9A7A457D-7C6F-4674-8643-E5676A632F7B}.Release|x86.Build.0 = Release|Any CPU
		{2D02CF0F-587A-4566-B2F7-F71318005A34}.Debug|Any CPU.ActiveCfg = Debug|Any CPU
		{2D02CF0F-587A-4566-B2F7-F71318005A34}.Debug|Any CPU.Build.0 = Debug|Any CPU
		{2D02CF0F-587A-4566-B2F7-F71318005A34}.Debug|x64.ActiveCfg = Debug|Any CPU
		{2D02CF0F-587A-4566-B2F7-F71318005A34}.Debug|x64.Build.0 = Debug|Any CPU
		{2D02CF0F-587A-4566-B2F7-F71318005A34}.Debug|x86.ActiveCfg = Debug|Any CPU
		{2D02CF0F-587A-4566-B2F7-F71318005A34}.Debug|x86.Build.0 = Debug|Any CPU
		{2D02CF0F-587A-4566-B2F7-F71318005A34}.Release|Any CPU.ActiveCfg = Release|Any CPU
		{2D02CF0F-587A-4566-B2F7-F71318005A34}.Release|Any CPU.Build.0 = Release|Any CPU
		{2D02CF0F-587A-4566-B2F7-F71318005A34}.Release|x64.ActiveCfg = Release|Any CPU
		{2D02CF0F-587A-4566-B2F7-F71318005A34}.Release|x64.Build.0 = Release|Any CPU
		{2D02CF0F-587A-4566-B2F7-F71318005A34}.Release|x86.ActiveCfg = Release|Any CPU
		{2D02CF0F-587A-4566-B2F7-F71318005A34}.Release|x86.Build.0 = Release|Any CPU
		{6CF78BE6-2DC1-4841-AA27-30CA07CC2319}.Debug|Any CPU.ActiveCfg = Debug|Any CPU
		{6CF78BE6-2DC1-4841-AA27-30CA07CC2319}.Debug|Any CPU.Build.0 = Debug|Any CPU
		{6CF78BE6-2DC1-4841-AA27-30CA07CC2319}.Debug|x64.ActiveCfg = Debug|Any CPU
		{6CF78BE6-2DC1-4841-AA27-30CA07CC2319}.Debug|x64.Build.0 = Debug|Any CPU
		{6CF78BE6-2DC1-4841-AA27-30CA07CC2319}.Debug|x86.ActiveCfg = Debug|Any CPU
		{6CF78BE6-2DC1-4841-AA27-30CA07CC2319}.Debug|x86.Build.0 = Debug|Any CPU
		{6CF78BE6-2DC1-4841-AA27-30CA07CC2319}.Release|Any CPU.ActiveCfg = Release|Any CPU
		{6CF78BE6-2DC1-4841-AA27-30CA07CC2319}.Release|Any CPU.Build.0 = Release|Any CPU
		{6CF78BE6-2DC1-4841-AA27-30CA07CC2319}.Release|x64.ActiveCfg = Release|Any CPU
		{6CF78BE6-2DC1-4841-AA27-30CA07CC2319}.Release|x64.Build.0 = Release|Any CPU
		{6CF78BE6-2DC1-4841-AA27-30CA07CC2319}.Release|x86.ActiveCfg = Release|Any CPU
		{6CF78BE6-2DC1-4841-AA27-30CA07CC2319}.Release|x86.Build.0 = Release|Any CPU
	EndGlobalSection
	GlobalSection(SolutionProperties) = preSolution
		HideSolutionNode = FALSE
	EndGlobalSection
EndGlobal
